{
  "name": "@indra.ai/deva.treasury",
  "version": "0.9.31",
  "lockfileVersion": 3,
  "requires": true,
  "packages": {
    "": {
      "name": "@indra.ai/deva.treasury",
      "version": "0.9.31",
      "funding": [
        {
          "type": "paypal",
          "url": "https://paypal.me/rahulaclub"
        },
        {
          "type": "patreon",
          "url": "https://patreon.com/rahulaclub"
        }
      ],
      "license": "VLA:17715703962235012001 LICENSE.md",
      "dependencies": {
        "@indra.ai/deva": "^1.30.2"
      }
    },
    "node_modules/@indra.ai/deva": {
      "version": "1.30.2",
      "resolved": "https://registry.npmjs.org/@indra.ai/deva/-/deva-1.30.2.tgz",
      "integrity": "sha512-pmPEFYreNt5fGukIL1ZKj/fd1OqVr+y+rqi+TZSojYZgtuArLUfX2qemi0lx04+ROfZUNb7n3h2vdjOSRuA0ow==",
      "funding": [
        {
          "type": "paypal",
          "url": "https://paypal.me/rahulaclub"
        },
        {
          "type": "patreon",
          "url": "https://patreon.com/rahulaclub"
        }
      ],
      "license": "VLA:38159520729793885324 LICENSE.md",
      "engines": {
        "node": ">=18.16.0",
        "npm": ">=9.5.1"
      }
    }
  }
}
