{
  "name": "@indra.ai/deva.treasury",
  "version": "0.11.1",
  "lockfileVersion": 3,
  "requires": true,
  "packages": {
    "": {
      "name": "@indra.ai/deva.treasury",
      "version": "0.11.1",
      "funding": [
        {
          "type": "paypal",
          "url": "https://paypal.me/rahulaclub"
        },
        {
          "type": "patreon",
          "url": "https://patreon.com/rahulaclub"
        }
      ],
      "license": "VLA:18479325762624811149 LICENSE.md",
      "dependencies": {
        "@indra.ai/deva": "^1.33.1"
      }
    },
    "node_modules/@indra.ai/deva": {
      "version": "1.33.1",
      "resolved": "https://registry.npmjs.org/@indra.ai/deva/-/deva-1.33.1.tgz",
      "integrity": "sha512-PPrecUNzx/uLGRlDOYVxk8pXpn96I3pVozTAk68PtUQFNFFGBcaiNWNSSBEMq28Mk74Qx1YEX1zSgiMJB//sXg==",
      "funding": [
        {
          "type": "paypal",
          "url": "https://paypal.me/rahulaclub"
        },
        {
          "type": "patreon",
          "url": "https://patreon.com/rahulaclub"
        }
      ],
      "license": "VLA:71393644869653248038 LICENSE.md",
      "engines": {
        "node": ">=18.16.0",
        "npm": ">=9.5.1"
      }
    }
  }
}
