{
  "name": "@indra.ai/deva.treasury",
  "version": "0.13.3",
  "lockfileVersion": 3,
  "requires": true,
  "packages": {
    "": {
      "name": "@indra.ai/deva.treasury",
      "version": "0.13.3",
      "funding": [
        {
          "type": "paypal",
          "url": "https://paypal.me/rahulaclub"
        },
        {
          "type": "patreon",
          "url": "https://patreon.com/rahulaclub"
        }
      ],
      "license": "VLA:18479325762624811149 LICENSE.md",
      "dependencies": {
        "@indra.ai/deva": "^1.37.3",
        "@indra.ai/deva.money": "^0.9.2"
      }
    },
    "node_modules/@indra.ai/deva": {
      "version": "1.37.3",
      "resolved": "https://registry.npmjs.org/@indra.ai/deva/-/deva-1.37.3.tgz",
      "integrity": "sha512-mJppVJmkki0ks55iQSXKmVRZ3DcE9uPzfyoTqdf84cNRR+nke89Cnra6cyZrDQmI3g/6+J2Y0S7gZ9vgB5rJ9w==",
      "funding": [
        {
          "type": "paypal",
          "url": "https://paypal.me/rahulaclub"
        },
        {
          "type": "patreon",
          "url": "https://patreon.com/rahulaclub"
        }
      ],
      "license": "VLA:67261312889761363542 LICENSE.md",
      "engines": {
        "node": ">=18.16.0",
        "npm": ">=9.5.1"
      }
    },
    "node_modules/@indra.ai/deva.money": {
      "version": "0.9.2",
      "resolved": "https://registry.npmjs.org/@indra.ai/deva.money/-/deva.money-0.9.2.tgz",
      "integrity": "sha512-uwxeAnbrSO+qU3wxxFGd8UKx1bZrwiAVHEbp0T7bJi86EHpeQ0Ell3bmCwedTVj1zw+4j+Xn7E5LrsIVa9G1DA==",
      "funding": [
        {
          "type": "paypal",
          "url": "https://paypal.me/rahulaclub"
        },
        {
          "type": "patreon",
          "url": "https://patreon.com/rahulaclub"
        }
      ],
      "license": "VLA:71202138383709699569 LICENSE.md",
      "dependencies": {
        "@indra.ai/deva": "^1.37.3"
      }
    }
  }
}
